// !$*UTF8*$!
{
	archiveVersion = 1;
	classes = {
	};
	objectVersion = 56;
	objects = {

/* Begin PBXBuildFile section */
		7FD6AE0F2A7577A0003ACB40 /* LoginViewModel.swift in Sources */ = {isa = PBXBuildFile; fileRef = 7FD6AE0E2A7577A0003ACB40 /* LoginViewModel.swift */; };
		7FD6AE132A758413003ACB40 /* MainViewController.swift in Sources */ = {isa = PBXBuildFile; fileRef = 7FD6AE122A758413003ACB40 /* MainViewController.swift */; };
		7FD6AE152A759DDD003ACB40 /* UserModel.swift in Sources */ = {isa = PBXBuildFile; fileRef = 7FD6AE142A759DDD003ACB40 /* UserModel.swift */; };
		7FD6AE182A759EF7003ACB40 /* UserApiService.swift in Sources */ = {isa = PBXBuildFile; fileRef = 7FD6AE172A759EF7003ACB40 /* UserApiService.swift */; };
		7FD6AE1A2A759F88003ACB40 /* Keys.swift in Sources */ = {isa = PBXBuildFile; fileRef = 7FD6AE192A759F88003ACB40 /* Keys.swift */; };
		7FD6AE1C2A75B236003ACB40 /* MainViewModel.swift in Sources */ = {isa = PBXBuildFile; fileRef = 7FD6AE1B2A75B236003ACB40 /* MainViewModel.swift */; };
		7FD6AE1E2A75BB8E003ACB40 /* UserCustomCellView.swift in Sources */ = {isa = PBXBuildFile; fileRef = 7FD6AE1D2A75BB8E003ACB40 /* UserCustomCellView.swift */; };
		7FD6AE202A75BBE6003ACB40 /* UserCustomCellViewModel.swift in Sources */ = {isa = PBXBuildFile; fileRef = 7FD6AE1F2A75BBE6003ACB40 /* UserCustomCellViewModel.swift */; };
		7FD6AE232A75BD7C003ACB40 /* Kingfisher in Frameworks */ = {isa = PBXBuildFile; productRef = 7FD6AE222A75BD7C003ACB40 /* Kingfisher */; };
		7FD6AE252A767444003ACB40 /* UserDetailViewController.swift in Sources */ = {isa = PBXBuildFile; fileRef = 7FD6AE242A767444003ACB40 /* UserDetailViewController.swift */; };
		7FFB57E62A74F1E000D528D5 /* AppDelegate.swift in Sources */ = {isa = PBXBuildFile; fileRef = 7FFB57E52A74F1E000D528D5 /* AppDelegate.swift */; };
		7FFB57E82A74F1E000D528D5 /* SceneDelegate.swift in Sources */ = {isa = PBXBuildFile; fileRef = 7FFB57E72A74F1E000D528D5 /* SceneDelegate.swift */; };
		7FFB57EA2A74F1E000D528D5 /* LoginViewController.swift in Sources */ = {isa = PBXBuildFile; fileRef = 7FFB57E92A74F1E000D528D5 /* LoginViewController.swift */; };
		7FFB57EF2A74F1E200D528D5 /* Assets.xcassets in Resources */ = {isa = PBXBuildFile; fileRef = 7FFB57EE2A74F1E200D528D5 /* Assets.xcassets */; };
		7FFB57FF2A75006100D528D5 /* SharedExtensions.swift in Sources */ = {isa = PBXBuildFile; fileRef = 7FFB57FE2A75006100D528D5 /* SharedExtensions.swift */; };
/* End PBXBuildFile section */

/* Begin PBXFileReference section */
		7FD6AE0E2A7577A0003ACB40 /* LoginViewModel.swift */ = {isa = PBXFileReference; lastKnownFileType = sourcecode.swift; path = LoginViewModel.swift; sourceTree = "<group>"; };
		7FD6AE122A758413003ACB40 /* MainViewController.swift */ = {isa = PBXFileReference; lastKnownFileType = sourcecode.swift; path = MainViewController.swift; sourceTree = "<group>"; };
		7FD6AE142A759DDD003ACB40 /* UserModel.swift */ = {isa = PBXFileReference; lastKnownFileType = sourcecode.swift; path = UserModel.swift; sourceTree = "<group>"; };
		7FD6AE172A759EF7003ACB40 /* UserApiService.swift */ = {isa = PBXFileReference; lastKnownFileType = sourcecode.swift; path = UserApiService.swift; sourceTree = "<group>"; };
		7FD6AE192A759F88003ACB40 /* Keys.swift */ = {isa = PBXFileReference; lastKnownFileType = sourcecode.swift; path = Keys.swift; sourceTree = "<group>"; };
		7FD6AE1B2A75B236003ACB40 /* MainViewModel.swift */ = {isa = PBXFileReference; lastKnownFileType = sourcecode.swift; path = MainViewModel.swift; sourceTree = "<group>"; };
		7FD6AE1D2A75BB8E003ACB40 /* UserCustomCellView.swift */ = {isa = PBXFileReference; lastKnownFileType = sourcecode.swift; path = UserCustomCellView.swift; sourceTree = "<group>"; };
		7FD6AE1F2A75BBE6003ACB40 /* UserCustomCellViewModel.swift */ = {isa = PBXFileReference; lastKnownFileType = sourcecode.swift; path = UserCustomCellViewModel.swift; sourceTree = "<group>"; };
		7FD6AE242A767444003ACB40 /* UserDetailViewController.swift */ = {isa = PBXFileReference; lastKnownFileType = sourcecode.swift; path = UserDetailViewController.swift; sourceTree = "<group>"; };
		7FFB57E22A74F1E000D528D5 /* FacebookFriends.app */ = {isa = PBXFileReference; explicitFileType = wrapper.application; includeInIndex = 0; path = FacebookFriends.app; sourceTree = BUILT_PRODUCTS_DIR; };
		7FFB57E52A74F1E000D528D5 /* AppDelegate.swift */ = {isa = PBXFileReference; lastKnownFileType = sourcecode.swift; path = AppDelegate.swift; sourceTree = "<group>"; };
		7FFB57E72A74F1E000D528D5 /* SceneDelegate.swift */ = {isa = PBXFileReference; lastKnownFileType = sourcecode.swift; path = SceneDelegate.swift; sourceTree = "<group>"; };
		7FFB57E92A74F1E000D528D5 /* LoginViewController.swift */ = {isa = PBXFileReference; lastKnownFileType = sourcecode.swift; path = LoginViewController.swift; sourceTree = "<group>"; };
		7FFB57EE2A74F1E200D528D5 /* Assets.xcassets */ = {isa = PBXFileReference; lastKnownFileType = folder.assetcatalog; path = Assets.xcassets; sourceTree = "<group>"; };
		7FFB57F32A74F1E200D528D5 /* Info.plist */ = {isa = PBXFileReference; lastKnownFileType = text.plist.xml; path = Info.plist; sourceTree = "<group>"; };
		7FFB57FE2A75006100D528D5 /* SharedExtensions.swift */ = {isa = PBXFileReference; lastKnownFileType = sourcecode.swift; path = SharedExtensions.swift; sourceTree = "<group>"; };
/* End PBXFileReference section */

/* Begin PBXFrameworksBuildPhase section */
		7FFB57DF2A74F1E000D528D5 /* Frameworks */ = {
			isa = PBXFrameworksBuildPhase;
			buildActionMask = 2147483647;
			files = (
				7FD6AE232A75BD7C003ACB40 /* Kingfisher in Frameworks */,
			);
			runOnlyForDeploymentPostprocessing = 0;
		};
/* End PBXFrameworksBuildPhase section */

/* Begin PBXGroup section */
		7FD6AE162A759EE4003ACB40 /* Service */ = {
			isa = PBXGroup;
			children = (
				7FD6AE172A759EF7003ACB40 /* UserApiService.swift */,
			);
			path = Service;
			sourceTree = "<group>";
		};
		7FFB57D92A74F1E000D528D5 = {
			isa = PBXGroup;
			children = (
				7FFB57E42A74F1E000D528D5 /* FacebookFriends */,
				7FFB57E32A74F1E000D528D5 /* Products */,
			);
			sourceTree = "<group>";
		};
		7FFB57E32A74F1E000D528D5 /* Products */ = {
			isa = PBXGroup;
			children = (
				7FFB57E22A74F1E000D528D5 /* FacebookFriends.app */,
			);
			name = Products;
			sourceTree = "<group>";
		};
		7FFB57E42A74F1E000D528D5 /* FacebookFriends */ = {
			isa = PBXGroup;
			children = (
				7FD6AE162A759EE4003ACB40 /* Service */,
				7FFB57FD2A75004F00D528D5 /* Extensions */,
				7FFB57FC2A74FA3B00D528D5 /* ViewModel */,
				7FFB57FB2A74FA3400D528D5 /* View */,
				7FFB57FA2A74FA2900D528D5 /* Model */,
				7FFB57F92A74F2C700D528D5 /* Common */,
				7FFB57EE2A74F1E200D528D5 /* Assets.xcassets */,
				7FFB57F32A74F1E200D528D5 /* Info.plist */,
			);
			path = FacebookFriends;
			sourceTree = "<group>";
		};
		7FFB57F92A74F2C700D528D5 /* Common */ = {
			isa = PBXGroup;
			children = (
				7FFB57E52A74F1E000D528D5 /* AppDelegate.swift */,
				7FFB57E72A74F1E000D528D5 /* SceneDelegate.swift */,
			);
			path = Common;
			sourceTree = "<group>";
		};
		7FFB57FA2A74FA2900D528D5 /* Model */ = {
			isa = PBXGroup;
			children = (
				7FD6AE142A759DDD003ACB40 /* UserModel.swift */,
			);
			path = Model;
			sourceTree = "<group>";
		};
		7FFB57FB2A74FA3400D528D5 /* View */ = {
			isa = PBXGroup;
			children = (
				7FFB57E92A74F1E000D528D5 /* LoginViewController.swift */,
				7FD6AE122A758413003ACB40 /* MainViewController.swift */,
				7FD6AE1D2A75BB8E003ACB40 /* UserCustomCellView.swift */,
				7FD6AE242A767444003ACB40 /* UserDetailViewController.swift */,
			);
			path = View;
			sourceTree = "<group>";
		};
		7FFB57FC2A74FA3B00D528D5 /* ViewModel */ = {
			isa = PBXGroup;
			children = (
				7FD6AE0E2A7577A0003ACB40 /* LoginViewModel.swift */,
				7FD6AE1B2A75B236003ACB40 /* MainViewModel.swift */,
				7FD6AE1F2A75BBE6003ACB40 /* UserCustomCellViewModel.swift */,
			);
			path = ViewModel;
			sourceTree = "<group>";
		};
		7FFB57FD2A75004F00D528D5 /* Extensions */ = {
			isa = PBXGroup;
			children = (
				7FFB57FE2A75006100D528D5 /* SharedExtensions.swift */,
				7FD6AE192A759F88003ACB40 /* Keys.swift */,
			);
			path = Extensions;
			sourceTree = "<group>";
		};
/* End PBXGroup section */

/* Begin PBXNativeTarget section */
		7FFB57E12A74F1E000D528D5 /* FacebookFriends */ = {
			isa = PBXNativeTarget;
			buildConfigurationList = 7FFB57F62A74F1E200D528D5 /* Build configuration list for PBXNativeTarget "FacebookFriends" */;
			buildPhases = (
				7FFB57DE2A74F1E000D528D5 /* Sources */,
				7FFB57DF2A74F1E000D528D5 /* Frameworks */,
				7FFB57E02A74F1E000D528D5 /* Resources */,
			);
			buildRules = (
			);
			dependencies = (
			);
			name = FacebookFriends;
			packageProductDependencies = (
				7FD6AE222A75BD7C003ACB40 /* Kingfisher */,
			);
			productName = FacebookFriends;
			productReference = 7FFB57E22A74F1E000D528D5 /* FacebookFriends.app */;
			productType = "com.apple.product-type.application";
		};
/* End PBXNativeTarget section */

/* Begin PBXProject section */
		7FFB57DA2A74F1E000D528D5 /* Project object */ = {
			isa = PBXProject;
			attributes = {
				BuildIndependentTargetsInParallel = 1;
				LastSwiftUpdateCheck = 1420;
				LastUpgradeCheck = 1420;
				TargetAttributes = {
					7FFB57E12A74F1E000D528D5 = {
						CreatedOnToolsVersion = 14.2;
					};
				};
			};
			buildConfigurationList = 7FFB57DD2A74F1E000D528D5 /* Build configuration list for PBXProject "FacebookFriends" */;
			compatibilityVersion = "Xcode 14.0";
			developmentRegion = en;
			hasScannedForEncodings = 0;
			knownRegions = (
				en,
				Base,
			);
			mainGroup = 7FFB57D92A74F1E000D528D5;
			packageReferences = (
				7FD6AE212A75BD7C003ACB40 /* XCRemoteSwiftPackageReference "Kingfisher" */,
			);
			productRefGroup = 7FFB57E32A74F1E000D528D5 /* Products */;
			projectDirPath = "";
			projectRoot = "";
			targets = (
				7FFB57E12A74F1E000D528D5 /* FacebookFriends */,
			);
		};
/* End PBXProject section */

/* Begin PBXResourcesBuildPhase section */
		7FFB57E02A74F1E000D528D5 /* Resources */ = {
			isa = PBXResourcesBuildPhase;
			buildActionMask = 2147483647;
			files = (
				7FFB57EF2A74F1E200D528D5 /* Assets.xcassets in Resources */,
			);
			runOnlyForDeploymentPostprocessing = 0;
		};
/* End PBXResourcesBuildPhase section */

/* Begin PBXSourcesBuildPhase section */
		7FFB57DE2A74F1E000D528D5 /* Sources */ = {
			isa = PBXSourcesBuildPhase;
			buildActionMask = 2147483647;
			files = (
				7FFB57FF2A75006100D528D5 /* SharedExtensions.swift in Sources */,
				7FD6AE182A759EF7003ACB40 /* UserApiService.swift in Sources */,
				7FD6AE252A767444003ACB40 /* UserDetailViewController.swift in Sources */,
				7FD6AE202A75BBE6003ACB40 /* UserCustomCellViewModel.swift in Sources */,
				7FD6AE1E2A75BB8E003ACB40 /* UserCustomCellView.swift in Sources */,
				7FD6AE152A759DDD003ACB40 /* UserModel.swift in Sources */,
				7FFB57EA2A74F1E000D528D5 /* LoginViewController.swift in Sources */,
				7FFB57E62A74F1E000D528D5 /* AppDelegate.swift in Sources */,
				7FD6AE1C2A75B236003ACB40 /* MainViewModel.swift in Sources */,
				7FD6AE132A758413003ACB40 /* MainViewController.swift in Sources */,
				7FD6AE0F2A7577A0003ACB40 /* LoginViewModel.swift in Sources */,
				7FD6AE1A2A759F88003ACB40 /* Keys.swift in Sources */,
				7FFB57E82A74F1E000D528D5 /* SceneDelegate.swift in Sources */,
			);
			runOnlyForDeploymentPostprocessing = 0;
		};
/* End PBXSourcesBuildPhase section */

/* Begin XCBuildConfiguration section */
		7FFB57F42A74F1E200D528D5 /* Debug */ = {
			isa = XCBuildConfiguration;
			buildSettings = {
				ALWAYS_SEARCH_USER_PATHS = NO;
				CLANG_ANALYZER_NONNULL = YES;
				CLANG_ANALYZER_NUMBER_OBJECT_CONVERSION = YES_AGGRESSIVE;
				CLANG_CXX_LANGUAGE_STANDARD = "gnu++20";
				CLANG_ENABLE_MODULES = YES;
				CLANG_ENABLE_OBJC_ARC = YES;
				CLANG_ENABLE_OBJC_WEAK = YES;
				CLANG_WARN_BLOCK_CAPTURE_AUTORELEASING = YES;
				CLANG_WARN_BOOL_CONVERSION = YES;
				CLANG_WARN_COMMA = YES;
				CLANG_WARN_CONSTANT_CONVERSION = YES;
				CLANG_WARN_DEPRECATED_OBJC_IMPLEMENTATIONS = YES;
				CLANG_WARN_DIRECT_OBJC_ISA_USAGE = YES_ERROR;
				CLANG_WARN_DOCUMENTATION_COMMENTS = YES;
				CLANG_WARN_EMPTY_BODY = YES;
				CLANG_WARN_ENUM_CONVERSION = YES;
				CLANG_WARN_INFINITE_RECURSION = YES;
				CLANG_WARN_INT_CONVERSION = YES;
				CLANG_WARN_NON_LITERAL_NULL_CONVERSION = YES;
				CLANG_WARN_OBJC_IMPLICIT_RETAIN_SELF = YES;
				CLANG_WARN_OBJC_LITERAL_CONVERSION = YES;
				CLANG_WARN_OBJC_ROOT_CLASS = YES_ERROR;
				CLANG_WARN_QUOTED_INCLUDE_IN_FRAMEWORK_HEADER = YES;
				CLANG_WARN_RANGE_LOOP_ANALYSIS = YES;
				CLANG_WARN_STRICT_PROTOTYPES = YES;
				CLANG_WARN_SUSPICIOUS_MOVE = YES;
				CLANG_WARN_UNGUARDED_AVAILABILITY = YES_AGGRESSIVE;
				CLANG_WARN_UNREACHABLE_CODE = YES;
				CLANG_WARN__DUPLICATE_METHOD_MATCH = YES;
				COPY_PHASE_STRIP = NO;
				DEBUG_INFORMATION_FORMAT = dwarf;
				ENABLE_STRICT_OBJC_MSGSEND = YES;
				ENABLE_TESTABILITY = YES;
				GCC_C_LANGUAGE_STANDARD = gnu11;
				GCC_DYNAMIC_NO_PIC = NO;
				GCC_NO_COMMON_BLOCKS = YES;
				GCC_OPTIMIZATION_LEVEL = 0;
				GCC_PREPROCESSOR_DEFINITIONS = (
					"DEBUG=1",
					"$(inherited)",
				);
				GCC_WARN_64_TO_32_BIT_CONVERSION = YES;
				GCC_WARN_ABOUT_RETURN_TYPE = YES_ERROR;
				GCC_WARN_UNDECLARED_SELECTOR = YES;
				GCC_WARN_UNINITIALIZED_AUTOS = YES_AGGRESSIVE;
				GCC_WARN_UNUSED_FUNCTION = YES;
				GCC_WARN_UNUSED_VARIABLE = YES;
				IPHONEOS_DEPLOYMENT_TARGET = 16.2;
				MTL_ENABLE_DEBUG_INFO = INCLUDE_SOURCE;
				MTL_FAST_MATH = YES;
				ONLY_ACTIVE_ARCH = YES;
				SDKROOT = iphoneos;
				SWIFT_ACTIVE_COMPILATION_CONDITIONS = DEBUG;
				SWIFT_OPTIMIZATION_LEVEL = "-Onone";
			};
			name = Debug;
		};
		7FFB57F52A74F1E200D528D5 /* Release */ = {
			isa = XCBuildConfiguration;
			buildSettings = {
				ALWAYS_SEARCH_USER_PATHS = NO;
				CLANG_ANALYZER_NONNULL = YES;
				CLANG_ANALYZER_NUMBER_OBJECT_CONVERSION = YES_AGGRESSIVE;
				CLANG_CXX_LANGUAGE_STANDARD = "gnu++20";
				CLANG_ENABLE_MODULES = YES;
				CLANG_ENABLE_OBJC_ARC = YES;
				CLANG_ENABLE_OBJC_WEAK = YES;
				CLANG_WARN_BLOCK_CAPTURE_AUTORELEASING = YES;
				CLANG_WARN_BOOL_CONVERSION = YES;
				CLANG_WARN_COMMA = YES;
				CLANG_WARN_CONSTANT_CONVERSION = YES;
				CLANG_WARN_DEPRECATED_OBJC_IMPLEMENTATIONS = YES;
				CLANG_WARN_DIRECT_OBJC_ISA_USAGE = YES_ERROR;
				CLANG_WARN_DOCUMENTATION_COMMENTS = YES;
				CLANG_WARN_EMPTY_BODY = YES;
				CLANG_WARN_ENUM_CONVERSION = YES;
				CLANG_WARN_INFINITE_RECURSION = YES;
				CLANG_WARN_INT_CONVERSION = YES;
				CLANG_WARN_NON_LITERAL_NULL_CONVERSION = YES;
				CLANG_WARN_OBJC_IMPLICIT_RETAIN_SELF = YES;
				CLANG_WARN_OBJC_LITERAL_CONVERSION = YES;
				CLANG_WARN_OBJC_ROOT_CLASS = YES_ERROR;
				CLANG_WARN_QUOTED_INCLUDE_IN_FRAMEWORK_HEADER = YES;
				CLANG_WARN_RANGE_LOOP_ANALYSIS = YES;
				CLANG_WARN_STRICT_PROTOTYPES = YES;
				CLANG_WARN_SUSPICIOUS_MOVE = YES;
				CLANG_WARN_UNGUARDED_AVAILABILITY = YES_AGGRESSIVE;
				CLANG_WARN_UNREACHABLE_CODE = YES;
				CLANG_WARN__DUPLICATE_METHOD_MATCH = YES;
				COPY_PHASE_STRIP = NO;
				DEBUG_INFORMATION_FORMAT = "dwarf-with-dsym";
				ENABLE_NS_ASSERTIONS = NO;
				ENABLE_STRICT_OBJC_MSGSEND = YES;
				GCC_C_LANGUAGE_STANDARD = gnu11;
				GCC_NO_COMMON_BLOCKS = YES;
				GCC_WARN_64_TO_32_BIT_CONVERSION = YES;
				GCC_WARN_ABOUT_RETURN_TYPE = YES_ERROR;
				GCC_WARN_UNDECLARED_SELECTOR = YES;
				GCC_WARN_UNINITIALIZED_AUTOS = YES_AGGRESSIVE;
				GCC_WARN_UNUSED_FUNCTION = YES;
				GCC_WARN_UNUSED_VARIABLE = YES;
				IPHONEOS_DEPLOYMENT_TARGET = 16.2;
				MTL_ENABLE_DEBUG_INFO = NO;
				MTL_FAST_MATH = YES;
				SDKROOT = iphoneos;
				SWIFT_COMPILATION_MODE = wholemodule;
				SWIFT_OPTIMIZATION_LEVEL = "-O";
				VALIDATE_PRODUCT = YES;
			};
			name = Release;
		};
		7FFB57F72A74F1E200D528D5 /* Debug */ = {
			isa = XCBuildConfiguration;
			buildSettings = {
				ASSETCATALOG_COMPILER_APPICON_NAME = AppIcon;
				ASSETCATALOG_COMPILER_GLOBAL_ACCENT_COLOR_NAME = AccentColor;
				CODE_SIGN_STYLE = Automatic;
				CURRENT_PROJECT_VERSION = 1;
				DEVELOPMENT_TEAM = PG9S8XJGY8;
				GENERATE_INFOPLIST_FILE = YES;
				INFOPLIST_FILE = FacebookFriends/Info.plist;
				INFOPLIST_KEY_UIApplicationSupportsIndirectInputEvents = YES;
				INFOPLIST_KEY_UILaunchStoryboardName = LaunchScreen;
				INFOPLIST_KEY_UIMainStoryboardFile = "";
				INFOPLIST_KEY_UISupportedInterfaceOrientations_iPad = "UIInterfaceOrientationPortrait UIInterfaceOrientationPortraitUpsideDown UIInterfaceOrientationLandscapeLeft UIInterfaceOrientationLandscapeRight";
				INFOPLIST_KEY_UISupportedInterfaceOrientations_iPhone = "UIInterfaceOrientationPortrait UIInterfaceOrientationLandscapeLeft UIInterfaceOrientationLandscapeRight";
				LD_RUNPATH_SEARCH_PATHS = (
					"$(inherited)",
					"@executable_path/Frameworks",
				);
				MARKETING_VERSION = 1.0;
				PRODUCT_BUNDLE_IDENTIFIER = ibrahim.FacebookFriends;
				PRODUCT_NAME = "$(TARGET_NAME)";
				SWIFT_EMIT_LOC_STRINGS = YES;
				SWIFT_VERSION = 5.0;
				TARGETED_DEVICE_FAMILY = "1,2";
			};
			name = Debug;
		};
		7FFB57F82A74F1E200D528D5 /* Release */ = {
			isa = XCBuildConfiguration;
			buildSettings = {
				ASSETCATALOG_COMPILER_APPICON_NAME = AppIcon;
				ASSETCATALOG_COMPILER_GLOBAL_ACCENT_COLOR_NAME = AccentColor;
				CODE_SIGN_STYLE = Automatic;
				CURRENT_PROJECT_VERSION = 1;
				DEVELOPMENT_TEAM = PG9S8XJGY8;
				GENERATE_INFOPLIST_FILE = YES;
				INFOPLIST_FILE = FacebookFriends/Info.plist;
				INFOPLIST_KEY_UIApplicationSupportsIndirectInputEvents = YES;
				INFOPLIST_KEY_UILaunchStoryboardName = LaunchScreen;
				INFOPLIST_KEY_UIMainStoryboardFile = "";
				INFOPLIST_KEY_UISupportedInterfaceOrientations_iPad = "UIInterfaceOrientationPortrait UIInterfaceOrientationPortraitUpsideDown UIInterfaceOrientationLandscapeLeft UIInterfaceOrientationLandscapeRight";
				INFOPLIST_KEY_UISupportedInterfaceOrientations_iPhone = "UIInterfaceOrientationPortrait UIInterfaceOrientationLandscapeLeft UIInterfaceOrientationLandscapeRight";
				LD_RUNPATH_SEARCH_PATHS = (
					"$(inherited)",
					"@executable_path/Frameworks",
				);
				MARKETING_VERSION = 1.0;
				PRODUCT_BUNDLE_IDENTIFIER = ibrahim.FacebookFriends;
				PRODUCT_NAME = "$(TARGET_NAME)";
				SWIFT_EMIT_LOC_STRINGS = YES;
				SWIFT_VERSION = 5.0;
				TARGETED_DEVICE_FAMILY = "1,2";
			};
			name = Release;
		};
/* End XCBuildConfiguration section */

/* Begin XCConfigurationList section */
		7FFB57DD2A74F1E000D528D5 /* Build configuration list for PBXProject "FacebookFriends" */ = {
			isa = XCConfigurationList;
			buildConfigurations = (
				7FFB57F42A74F1E200D528D5 /* Debug */,
				7FFB57F52A74F1E200D528D5 /* Release */,
			);
			defaultConfigurationIsVisible = 0;
			defaultConfigurationName = Release;
		};
		7FFB57F62A74F1E200D528D5 /* Build configuration list for PBXNativeTarget "FacebookFriends" */ = {
			isa = XCConfigurationList;
			buildConfigurations = (
				7FFB57F72A74F1E200D528D5 /* Debug */,
				7FFB57F82A74F1E200D528D5 /* Release */,
			);
			defaultConfigurationIsVisible = 0;
			defaultConfigurationName = Release;
		};
/* End XCConfigurationList section */

/* Begin XCRemoteSwiftPackageReference section */
		7FD6AE212A75BD7C003ACB40 /* XCRemoteSwiftPackageReference "Kingfisher" */ = {
			isa = XCRemoteSwiftPackageReference;
			repositoryURL = "https://github.com/onevcat/Kingfisher.git";
			requirement = {
				kind = upToNextMajorVersion;
				minimumVersion = 7.0.0;
			};
		};
/* End XCRemoteSwiftPackageReference section */

/* Begin XCSwiftPackageProductDependency section */
		7FD6AE222A75BD7C003ACB40 /* Kingfisher */ = {
			isa = XCSwiftPackageProductDependency;
			package = 7FD6AE212A75BD7C003ACB40 /* XCRemoteSwiftPackageReference "Kingfisher" */;
			productName = Kingfisher;
		};
/* End XCSwiftPackageProductDependency section */
	};
	rootObject = 7FFB57DA2A74F1E000D528D5 /* Project object */;
}
